
Microsoft Visual Studio Solution File, Format Version 12.00
# Visual Studio 15
VisualStudioVersion = 15.0.27130.2027
MinimumVisualStudioVersion = 10.0.40219.1
Project("{FAE04EC0-301F-11D3-BF4B-00C04F79EFBC}") = "workToSql", "workToSql\workToSql.csproj", "{569DA40F-19D9-495B-9DED-59FBD27CEA48}"
EndProject
Global
	GlobalSection(SolutionConfigurationPlatforms) = preSolution
		Debug|Any CPU = Debug|Any CPU
		Release|Any CPU = Release|Any CPU
	EndGlobalSection
	GlobalSection(ProjectConfigurationPlatforms) = postSolution
		{569DA40F-19D9-495B-9DED-59FBD27CEA48}.Debug|Any CPU.ActiveCfg = Debug|Any CPU
		{569DA40F-19D9-495B-9DED-59FBD27CEA48}.Debug|Any CPU.Build.0 = Debug|Any CPU
		{569DA40F-19D9-495B-9DED-59FBD27CEA48}.Release|Any CPU.ActiveCfg = Release|Any CPU
		{569DA40F-19D9-495B-9DED-59FBD27CEA48}.Release|Any CPU.Build.0 = Release|Any CPU
	EndGlobalSection
	GlobalSection(SolutionProperties) = preSolution
		HideSolutionNode = FALSE
	EndGlobalSection
	GlobalSection(ExtensibilityGlobals) = postSolution
		SolutionGuid = {66C8B632-2E82-4BC8-B2B3-17D756615580}
	EndGlobalSection
EndGlobal
